
Microsoft Visual Studio Solution File, Format Version 12.00
# Visual Studio Version 16
VisualStudioVersion = 16.0.29326.143
MinimumVisualStudioVersion = 10.0.40219.1
Project("{FAE04EC0-301F-11D3-BF4B-00C04F79EFBC}") = "Алиса в Зазеркалье", "Алиса в Зазеркалье\Алиса в Зазеркалье.csproj", "{4B08FE5C-3BFE-4E8B-BF28-C8DD7978832E}"
EndProject
Global
	GlobalSection(SolutionConfigurationPlatforms) = preSolution
		Debug|Any CPU = Debug|Any CPU
		Release|Any CPU = Release|Any CPU
	EndGlobalSection
	GlobalSection(ProjectConfigurationPlatforms) = postSolution
		{4B08FE5C-3BFE-4E8B-BF28-C8DD7978832E}.Debug|Any CPU.ActiveCfg = Debug|Any CPU
		{4B08FE5C-3BFE-4E8B-BF28-C8DD7978832E}.Debug|Any CPU.Build.0 = Debug|Any CPU
		{4B08FE5C-3BFE-4E8B-BF28-C8DD7978832E}.Release|Any CPU.ActiveCfg = Release|Any CPU
		{4B08FE5C-3BFE-4E8B-BF28-C8DD7978832E}.Release|Any CPU.Build.0 = Release|Any CPU
	EndGlobalSection
	GlobalSection(SolutionProperties) = preSolution
		HideSolutionNode = FALSE
	EndGlobalSection
	GlobalSection(ExtensibilityGlobals) = postSolution
		SolutionGuid = {E126AD21-92BF-4047-991D-B9E98C4FE8FC}
	EndGlobalSection
EndGlobal
